
Microsoft Visual Studio Solution File, Format Version 12.00
Project("{FAE04EC0-301F-11D3-BF4B-00C04F79EFBC}") = "Part-2", "Part-2\Part-2.csproj", "{776AE908-54C6-439E-9C64-C7E9D5FB9CAD}"
EndProject
Project("{FAE04EC0-301F-11D3-BF4B-00C04F79EFBC}") = "Enumerations - Simulas Test", "Enumerations - Simulas Test\Enumerations - Simulas Test.csproj", "{353F71C7-C1D4-4AA9-980D-DB89961D816F}"
EndProject
Project("{FAE04EC0-301F-11D3-BF4B-00C04F79EFBC}") = "Tuples - Simulas Soup", "Tuples - Simulas Soup\Tuples - Simulas Soup.csproj", "{E3E9422D-FAF8-49F3-994F-93AA6BA0F0FD}"
EndProject
Project("{FAE04EC0-301F-11D3-BF4B-00C04F79EFBC}") = "Vin Fletchers Arrows", "Vin Fletchers Arrows\Vin Fletchers Arrows.csproj", "{B7F42B75-EA97-4ABA-A98A-87C861C39EF2}"
EndProject
Project("{FAE04EC0-301F-11D3-BF4B-00C04F79EFBC}") = "The Properties of Arrows", "The Properties of Arrows\The Properties of Arrows.csproj", "{A0FE8BA5-3FA9-4953-BD88-BB0755700087}"
EndProject
Project("{FAE04EC0-301F-11D3-BF4B-00C04F79EFBC}") = "The Point", "The Point\The Point.csproj", "{A696CD13-5531-42CF-A939-C7DC35A93965}"
EndProject
Project("{FAE04EC0-301F-11D3-BF4B-00C04F79EFBC}") = "The Colour", "The Colour\The Colour.csproj", "{506C5D93-D5B0-415B-B55C-79A1C0BF78F4}"
EndProject
Project("{FAE04EC0-301F-11D3-BF4B-00C04F79EFBC}") = "The Card", "The Card\The Card.csproj", "{9B6D8CB1-2636-4858-A0B9-75539C8316F5}"
EndProject
Project("{FAE04EC0-301F-11D3-BF4B-00C04F79EFBC}") = "The Locked Door", "The Locked Door\The Locked Door.csproj", "{5E449BC3-8541-4DC9-B8D9-8E2D80748F39}"
EndProject
Project("{FAE04EC0-301F-11D3-BF4B-00C04F79EFBC}") = "The Password Validator", "The Password Validator\The Password Validator.csproj", "{A8368124-5623-4875-A9AC-A5322DBF6008}"
EndProject
Project("{FAE04EC0-301F-11D3-BF4B-00C04F79EFBC}") = "Rock-Paper-Scissors", "Rock-Paper-Scissors\Rock-Paper-Scissors.csproj", "{7C1277C8-878C-45B7-83D4-1A806E3960F7}"
EndProject
Project("{FAE04EC0-301F-11D3-BF4B-00C04F79EFBC}") = "tictactoe", "tictactoe\tictactoe.csproj", "{DE4F38B2-3140-4C4C-99E4-3FD0EA8842BC}"
EndProject
Project("{FAE04EC0-301F-11D3-BF4B-00C04F79EFBC}") = "Packing Inventory 01", "Packing Inventory 01\Packing Inventory 01.csproj", "{7F4143FB-D269-4D81-8CC0-392A0EC3256B}"
EndProject
Global
	GlobalSection(SolutionConfigurationPlatforms) = preSolution
		Debug|Any CPU = Debug|Any CPU
		Release|Any CPU = Release|Any CPU
	EndGlobalSection
	GlobalSection(ProjectConfigurationPlatforms) = postSolution
		{776AE908-54C6-439E-9C64-C7E9D5FB9CAD}.Debug|Any CPU.ActiveCfg = Debug|Any CPU
		{776AE908-54C6-439E-9C64-C7E9D5FB9CAD}.Debug|Any CPU.Build.0 = Debug|Any CPU
		{776AE908-54C6-439E-9C64-C7E9D5FB9CAD}.Release|Any CPU.ActiveCfg = Release|Any CPU
		{776AE908-54C6-439E-9C64-C7E9D5FB9CAD}.Release|Any CPU.Build.0 = Release|Any CPU
		{353F71C7-C1D4-4AA9-980D-DB89961D816F}.Debug|Any CPU.ActiveCfg = Debug|Any CPU
		{353F71C7-C1D4-4AA9-980D-DB89961D816F}.Debug|Any CPU.Build.0 = Debug|Any CPU
		{353F71C7-C1D4-4AA9-980D-DB89961D816F}.Release|Any CPU.ActiveCfg = Release|Any CPU
		{353F71C7-C1D4-4AA9-980D-DB89961D816F}.Release|Any CPU.Build.0 = Release|Any CPU
		{E3E9422D-FAF8-49F3-994F-93AA6BA0F0FD}.Debug|Any CPU.ActiveCfg = Debug|Any CPU
		{E3E9422D-FAF8-49F3-994F-93AA6BA0F0FD}.Debug|Any CPU.Build.0 = Debug|Any CPU
		{E3E9422D-FAF8-49F3-994F-93AA6BA0F0FD}.Release|Any CPU.ActiveCfg = Release|Any CPU
		{E3E9422D-FAF8-49F3-994F-93AA6BA0F0FD}.Release|Any CPU.Build.0 = Release|Any CPU
		{B7F42B75-EA97-4ABA-A98A-87C861C39EF2}.Debug|Any CPU.ActiveCfg = Debug|Any CPU
		{B7F42B75-EA97-4ABA-A98A-87C861C39EF2}.Debug|Any CPU.Build.0 = Debug|Any CPU
		{B7F42B75-EA97-4ABA-A98A-87C861C39EF2}.Release|Any CPU.ActiveCfg = Release|Any CPU
		{B7F42B75-EA97-4ABA-A98A-87C861C39EF2}.Release|Any CPU.Build.0 = Release|Any CPU
		{A0FE8BA5-3FA9-4953-BD88-BB0755700087}.Debug|Any CPU.ActiveCfg = Debug|Any CPU
		{A0FE8BA5-3FA9-4953-BD88-BB0755700087}.Debug|Any CPU.Build.0 = Debug|Any CPU
		{A0FE8BA5-3FA9-4953-BD88-BB0755700087}.Release|Any CPU.ActiveCfg = Release|Any CPU
		{A0FE8BA5-3FA9-4953-BD88-BB0755700087}.Release|Any CPU.Build.0 = Release|Any CPU
		{A696CD13-5531-42CF-A939-C7DC35A93965}.Debug|Any CPU.ActiveCfg = Debug|Any CPU
		{A696CD13-5531-42CF-A939-C7DC35A93965}.Debug|Any CPU.Build.0 = Debug|Any CPU
		{A696CD13-5531-42CF-A939-C7DC35A93965}.Release|Any CPU.ActiveCfg = Release|Any CPU
		{A696CD13-5531-42CF-A939-C7DC35A93965}.Release|Any CPU.Build.0 = Release|Any CPU
		{506C5D93-D5B0-415B-B55C-79A1C0BF78F4}.Debug|Any CPU.ActiveCfg = Debug|Any CPU
		{506C5D93-D5B0-415B-B55C-79A1C0BF78F4}.Debug|Any CPU.Build.0 = Debug|Any CPU
		{506C5D93-D5B0-415B-B55C-79A1C0BF78F4}.Release|Any CPU.ActiveCfg = Release|Any CPU
		{506C5D93-D5B0-415B-B55C-79A1C0BF78F4}.Release|Any CPU.Build.0 = Release|Any CPU
		{9B6D8CB1-2636-4858-A0B9-75539C8316F5}.Debug|Any CPU.ActiveCfg = Debug|Any CPU
		{9B6D8CB1-2636-4858-A0B9-75539C8316F5}.Debug|Any CPU.Build.0 = Debug|Any CPU
		{9B6D8CB1-2636-4858-A0B9-75539C8316F5}.Release|Any CPU.ActiveCfg = Release|Any CPU
		{9B6D8CB1-2636-4858-A0B9-75539C8316F5}.Release|Any CPU.Build.0 = Release|Any CPU
		{5E449BC3-8541-4DC9-B8D9-8E2D80748F39}.Debug|Any CPU.ActiveCfg = Debug|Any CPU
		{5E449BC3-8541-4DC9-B8D9-8E2D80748F39}.Debug|Any CPU.Build.0 = Debug|Any CPU
		{5E449BC3-8541-4DC9-B8D9-8E2D80748F39}.Release|Any CPU.ActiveCfg = Release|Any CPU
		{5E449BC3-8541-4DC9-B8D9-8E2D80748F39}.Release|Any CPU.Build.0 = Release|Any CPU
		{A8368124-5623-4875-A9AC-A5322DBF6008}.Debug|Any CPU.ActiveCfg = Debug|Any CPU
		{A8368124-5623-4875-A9AC-A5322DBF6008}.Debug|Any CPU.Build.0 = Debug|Any CPU
		{A8368124-5623-4875-A9AC-A5322DBF6008}.Release|Any CPU.ActiveCfg = Release|Any CPU
		{A8368124-5623-4875-A9AC-A5322DBF6008}.Release|Any CPU.Build.0 = Release|Any CPU
		{7C1277C8-878C-45B7-83D4-1A806E3960F7}.Debug|Any CPU.ActiveCfg = Debug|Any CPU
		{7C1277C8-878C-45B7-83D4-1A806E3960F7}.Debug|Any CPU.Build.0 = Debug|Any CPU
		{7C1277C8-878C-45B7-83D4-1A806E3960F7}.Release|Any CPU.ActiveCfg = Release|Any CPU
		{7C1277C8-878C-45B7-83D4-1A806E3960F7}.Release|Any CPU.Build.0 = Release|Any CPU
		{DE4F38B2-3140-4C4C-99E4-3FD0EA8842BC}.Debug|Any CPU.ActiveCfg = Debug|Any CPU
		{DE4F38B2-3140-4C4C-99E4-3FD0EA8842BC}.Debug|Any CPU.Build.0 = Debug|Any CPU
		{DE4F38B2-3140-4C4C-99E4-3FD0EA8842BC}.Release|Any CPU.ActiveCfg = Release|Any CPU
		{DE4F38B2-3140-4C4C-99E4-3FD0EA8842BC}.Release|Any CPU.Build.0 = Release|Any CPU
		{7F4143FB-D269-4D81-8CC0-392A0EC3256B}.Debug|Any CPU.ActiveCfg = Debug|Any CPU
		{7F4143FB-D269-4D81-8CC0-392A0EC3256B}.Debug|Any CPU.Build.0 = Debug|Any CPU
		{7F4143FB-D269-4D81-8CC0-392A0EC3256B}.Release|Any CPU.ActiveCfg = Release|Any CPU
		{7F4143FB-D269-4D81-8CC0-392A0EC3256B}.Release|Any CPU.Build.0 = Release|Any CPU
	EndGlobalSection
EndGlobal
