
Microsoft Visual Studio Solution File, Format Version 12.00
Project("{FAE04EC0-301F-11D3-BF4B-00C04F79EFBC}") = "Part-2", "Part-2\Part-2.csproj", "{776AE908-54C6-439E-9C64-C7E9D5FB9CAD}"
EndProject
Project("{FAE04EC0-301F-11D3-BF4B-00C04F79EFBC}") = "Enumerations - Simulas Test", "Enumerations - Simulas Test\Enumerations - Simulas Test.csproj", "{353F71C7-C1D4-4AA9-980D-DB89961D816F}"
EndProject
Project("{FAE04EC0-301F-11D3-BF4B-00C04F79EFBC}") = "Tuples - Simulas Soup", "Tuples - Simulas Soup\Tuples - Simulas Soup.csproj", "{E3E9422D-FAF8-49F3-994F-93AA6BA0F0FD}"
EndProject
Project("{FAE04EC0-301F-11D3-BF4B-00C04F79EFBC}") = "Vin Fletchers Arrows", "Vin Fletchers Arrows\Vin Fletchers Arrows.csproj", "{B7F42B75-EA97-4ABA-A98A-87C861C39EF2}"
EndProject
Project("{FAE04EC0-301F-11D3-BF4B-00C04F79EFBC}") = "The Properties of Arrows", "The Properties of Arrows\The Properties of Arrows.csproj", "{A0FE8BA5-3FA9-4953-BD88-BB0755700087}"
EndProject
Project("{FAE04EC0-301F-11D3-BF4B-00C04F79EFBC}") = "The Point", "The Point\The Point.csproj", "{A696CD13-5531-42CF-A939-C7DC35A93965}"
EndProject
Project("{FAE04EC0-301F-11D3-BF4B-00C04F79EFBC}") = "The Colour", "The Colour\The Colour.csproj", "{506C5D93-D5B0-415B-B55C-79A1C0BF78F4}"
EndProject
Project("{FAE04EC0-301F-11D3-BF4B-00C04F79EFBC}") = "The Card", "The Card\The Card.csproj", "{9B6D8CB1-2636-4858-A0B9-75539C8316F5}"
EndProject
Project("{FAE04EC0-301F-11D3-BF4B-00C04F79EFBC}") = "The Locked Door", "The Locked Door\The Locked Door.csproj", "{5E449BC3-8541-4DC9-B8D9-8E2D80748F39}"
EndProject
Project("{FAE04EC0-301F-11D3-BF4B-00C04F79EFBC}") = "The Password Validator", "The Password Validator\The Password Validator.csproj", "{A8368124-5623-4875-A9AC-A5322DBF6008}"
EndProject
Project("{FAE04EC0-301F-11D3-BF4B-00C04F79EFBC}") = "Rock-Paper-Scissors", "Rock-Paper-Scissors\Rock-Paper-Scissors.csproj", "{7C1277C8-878C-45B7-83D4-1A806E3960F7}"
EndProject
Project("{FAE04EC0-301F-11D3-BF4B-00C04F79EFBC}") = "tictactoe", "tictactoe\tictactoe.csproj", "{DE4F38B2-3140-4C4C-99E4-3FD0EA8842BC}"
EndProject
Project("{FAE04EC0-301F-11D3-BF4B-00C04F79EFBC}") = "Packing Inventory 01", "Packing Inventory 01\Packing Inventory 01.csproj", "{7F4143FB-D269-4D81-8CC0-392A0EC3256B}"
EndProject
Project("{FAE04EC0-301F-11D3-BF4B-00C04F79EFBC}") = "The Old Robot", "The Old Robot\The Old Robot.csproj", "{35270003-92B9-44DC-BC25-E6C05055F1E3}"
EndProject
Project("{FAE04EC0-301F-11D3-BF4B-00C04F79EFBC}") = "The Old Robot Interface", "The Old Robot Interface\The Old Robot Interface.csproj", "{5CF29C20-2888-4C37-AF69-2FB65EF77282}"
EndProject
Project("{FAE04EC0-301F-11D3-BF4B-00C04F79EFBC}") = "Room Coordinates", "Room Coordinates\Room Coordinates.csproj", "{0D7586FA-C21E-42CC-B484-0EB968C6B601}"
EndProject
Project("{FAE04EC0-301F-11D3-BF4B-00C04F79EFBC}") = "Record-War-Preperations", "Record-War-Preperations\Record-War-Preperations.csproj", "{460FDC5D-0603-446A-BBE5-1F059A50D562}"
EndProject
Project("{FAE04EC0-301F-11D3-BF4B-00C04F79EFBC}") = "Generics - Colored Items", "Generics - Colored Items\Generics - Colored Items.csproj", "{B3E23440-47D7-483E-A339-B72BF3AC2774}"
EndProject
Project("{FAE04EC0-301F-11D3-BF4B-00C04F79EFBC}") = "The Fountain of Objects", "The Fountain of Objects\The Fountain of Objects.csproj", "{8C1671BE-2A46-4C51-848D-4FCFE4C4D9E9}"
EndProject
Project("{FAE04EC0-301F-11D3-BF4B-00C04F79EFBC}") = "The Feud", "The Feud\The Feud.csproj", "{23822E06-8D42-479E-B8F1-CE473D8A7B5F}"
EndProject
Project("{FAE04EC0-301F-11D3-BF4B-00C04F79EFBC}") = "IField", "IField\IField.csproj", "{AFA59448-B44F-4D85-BECE-CF0C2762BD7C}"
EndProject
Project("{FAE04EC0-301F-11D3-BF4B-00C04F79EFBC}") = "McDroid", "McDroid\McDroid.csproj", "{1B9C64B3-D9DA-4087-8F89-256213D811E2}"
EndProject
Project("{FAE04EC0-301F-11D3-BF4B-00C04F79EFBC}") = "safer number crunching", "safer number crunching\safer number crunching.csproj", "{6852B4D1-32F0-43D3-8225-169C534AF318}"
EndProject
Project("{FAE04EC0-301F-11D3-BF4B-00C04F79EFBC}") = "Better Random", "Better Random\Better Random.csproj", "{72E0527B-F119-4106-99FA-CA2D8235AE0E}"
EndProject
Project("{FAE04EC0-301F-11D3-BF4B-00C04F79EFBC}") = "Exeptis Game - Exceptions", "Exeptis Game - Exceptions\Exeptis Game - Exceptions.csproj", "{47EBF8ED-3CD3-4121-B547-6BB0AAFAC103}"
EndProject
Project("{FAE04EC0-301F-11D3-BF4B-00C04F79EFBC}") = "The Sieve- Delegates", "The Sieve- Delegates\The Sieve- Delegates.csproj", "{467B1098-794E-4686-9C8E-644EA1B6DFF1}"
EndProject
Project("{FAE04EC0-301F-11D3-BF4B-00C04F79EFBC}") = "squareNumbers", "squareNumbers\squareNumbers.csproj", "{A5C75A3E-6848-400D-BA38-956580A55ED9}"
EndProject
Project("{FAE04EC0-301F-11D3-BF4B-00C04F79EFBC}") = "Charberry Tree - Events", "Charberry Tree - Events\Charberry Tree - Events.csproj", "{128B3CAC-1C25-4047-9490-419DCC97DDDC}"
EndProject
Project("{FAE04EC0-301F-11D3-BF4B-00C04F79EFBC}") = "DescendingOrder", "DescendingOrder\DescendingOrder.csproj", "{9093C97F-47EE-4833-A94A-3C74DB452289}"
EndProject
Project("{FAE04EC0-301F-11D3-BF4B-00C04F79EFBC}") = "DescendingOrderTwo", "DescendingOrderTwo\DescendingOrderTwo.csproj", "{C4BAE43F-4345-4595-A58A-8C48E9BFAA68}"
EndProject
Project("{FAE04EC0-301F-11D3-BF4B-00C04F79EFBC}") = "The Lambda Sieve", "The Lambda Sieve\The Lambda Sieve.csproj", "{41D756A0-D67E-4CEB-A212-50FA053FD6F1}"
EndProject
Project("{FAE04EC0-301F-11D3-BF4B-00C04F79EFBC}") = "RemoveFirstAndLastCharacters", "RemoveFirstAndLastCharacters\RemoveFirstAndLastCharacters.csproj", "{985F9051-5F48-44AE-A4D0-449E34E44C33}"
EndProject
Project("{FAE04EC0-301F-11D3-BF4B-00C04F79EFBC}") = "The Long Game - Files", "The Long Game - Files\The Long Game - Files.csproj", "{48C0482D-3F5A-4782-8C11-E03B6899BDE9}"
EndProject
Project("{FAE04EC0-301F-11D3-BF4B-00C04F79EFBC}") = "Potion Masters - Pattern Matching", "Potion Masters - Pattern Matching\Potion Masters - Pattern Matching.csproj", "{6A3E7758-B9FE-4266-813C-8E95B72A16C9}"
EndProject
Project("{FAE04EC0-301F-11D3-BF4B-00C04F79EFBC}") = "Operator Overloading - operand city", "Operator Overloading - operand city\Operator Overloading - operand city.csproj", "{93011D1B-53E2-45FC-956C-07E1073DFE20}"
EndProject
Project("{FAE04EC0-301F-11D3-BF4B-00C04F79EFBC}") = "The Three Lenses - Query Expressions", "The Three Lenses - Query Expressions\The Three Lenses - Query Expressions.csproj", "{E85EAE2F-5DA7-4DA3-9654-D1995DADDE38}"
EndProject
Project("{FAE04EC0-301F-11D3-BF4B-00C04F79EFBC}") = "Thread Practice", "Thread Practice\Thread Practice.csproj", "{6590883A-3DE5-47A4-8057-EC2BEDD47D66}"
EndProject
Project("{FAE04EC0-301F-11D3-BF4B-00C04F79EFBC}") = "Threads", "Threads\Threads.csproj", "{E34A2E9D-5584-4E2B-995A-025608E855E1}"
EndProject
Project("{FAE04EC0-301F-11D3-BF4B-00C04F79EFBC}") = "Threads - The Repeating system", "Threads - The Repeating system\Threads - The Repeating system.csproj", "{D2AFE3CF-971B-4658-BBDC-0BBCE29558A3}"
EndProject
Global
	GlobalSection(SolutionConfigurationPlatforms) = preSolution
		Debug|Any CPU = Debug|Any CPU
		Release|Any CPU = Release|Any CPU
	EndGlobalSection
	GlobalSection(ProjectConfigurationPlatforms) = postSolution
		{776AE908-54C6-439E-9C64-C7E9D5FB9CAD}.Debug|Any CPU.ActiveCfg = Debug|Any CPU
		{776AE908-54C6-439E-9C64-C7E9D5FB9CAD}.Debug|Any CPU.Build.0 = Debug|Any CPU
		{776AE908-54C6-439E-9C64-C7E9D5FB9CAD}.Release|Any CPU.ActiveCfg = Release|Any CPU
		{776AE908-54C6-439E-9C64-C7E9D5FB9CAD}.Release|Any CPU.Build.0 = Release|Any CPU
		{353F71C7-C1D4-4AA9-980D-DB89961D816F}.Debug|Any CPU.ActiveCfg = Debug|Any CPU
		{353F71C7-C1D4-4AA9-980D-DB89961D816F}.Debug|Any CPU.Build.0 = Debug|Any CPU
		{353F71C7-C1D4-4AA9-980D-DB89961D816F}.Release|Any CPU.ActiveCfg = Release|Any CPU
		{353F71C7-C1D4-4AA9-980D-DB89961D816F}.Release|Any CPU.Build.0 = Release|Any CPU
		{E3E9422D-FAF8-49F3-994F-93AA6BA0F0FD}.Debug|Any CPU.ActiveCfg = Debug|Any CPU
		{E3E9422D-FAF8-49F3-994F-93AA6BA0F0FD}.Debug|Any CPU.Build.0 = Debug|Any CPU
		{E3E9422D-FAF8-49F3-994F-93AA6BA0F0FD}.Release|Any CPU.ActiveCfg = Release|Any CPU
		{E3E9422D-FAF8-49F3-994F-93AA6BA0F0FD}.Release|Any CPU.Build.0 = Release|Any CPU
		{B7F42B75-EA97-4ABA-A98A-87C861C39EF2}.Debug|Any CPU.ActiveCfg = Debug|Any CPU
		{B7F42B75-EA97-4ABA-A98A-87C861C39EF2}.Debug|Any CPU.Build.0 = Debug|Any CPU
		{B7F42B75-EA97-4ABA-A98A-87C861C39EF2}.Release|Any CPU.ActiveCfg = Release|Any CPU
		{B7F42B75-EA97-4ABA-A98A-87C861C39EF2}.Release|Any CPU.Build.0 = Release|Any CPU
		{A0FE8BA5-3FA9-4953-BD88-BB0755700087}.Debug|Any CPU.ActiveCfg = Debug|Any CPU
		{A0FE8BA5-3FA9-4953-BD88-BB0755700087}.Debug|Any CPU.Build.0 = Debug|Any CPU
		{A0FE8BA5-3FA9-4953-BD88-BB0755700087}.Release|Any CPU.ActiveCfg = Release|Any CPU
		{A0FE8BA5-3FA9-4953-BD88-BB0755700087}.Release|Any CPU.Build.0 = Release|Any CPU
		{A696CD13-5531-42CF-A939-C7DC35A93965}.Debug|Any CPU.ActiveCfg = Debug|Any CPU
		{A696CD13-5531-42CF-A939-C7DC35A93965}.Debug|Any CPU.Build.0 = Debug|Any CPU
		{A696CD13-5531-42CF-A939-C7DC35A93965}.Release|Any CPU.ActiveCfg = Release|Any CPU
		{A696CD13-5531-42CF-A939-C7DC35A93965}.Release|Any CPU.Build.0 = Release|Any CPU
		{506C5D93-D5B0-415B-B55C-79A1C0BF78F4}.Debug|Any CPU.ActiveCfg = Debug|Any CPU
		{506C5D93-D5B0-415B-B55C-79A1C0BF78F4}.Debug|Any CPU.Build.0 = Debug|Any CPU
		{506C5D93-D5B0-415B-B55C-79A1C0BF78F4}.Release|Any CPU.ActiveCfg = Release|Any CPU
		{506C5D93-D5B0-415B-B55C-79A1C0BF78F4}.Release|Any CPU.Build.0 = Release|Any CPU
		{9B6D8CB1-2636-4858-A0B9-75539C8316F5}.Debug|Any CPU.ActiveCfg = Debug|Any CPU
		{9B6D8CB1-2636-4858-A0B9-75539C8316F5}.Debug|Any CPU.Build.0 = Debug|Any CPU
		{9B6D8CB1-2636-4858-A0B9-75539C8316F5}.Release|Any CPU.ActiveCfg = Release|Any CPU
		{9B6D8CB1-2636-4858-A0B9-75539C8316F5}.Release|Any CPU.Build.0 = Release|Any CPU
		{5E449BC3-8541-4DC9-B8D9-8E2D80748F39}.Debug|Any CPU.ActiveCfg = Debug|Any CPU
		{5E449BC3-8541-4DC9-B8D9-8E2D80748F39}.Debug|Any CPU.Build.0 = Debug|Any CPU
		{5E449BC3-8541-4DC9-B8D9-8E2D80748F39}.Release|Any CPU.ActiveCfg = Release|Any CPU
		{5E449BC3-8541-4DC9-B8D9-8E2D80748F39}.Release|Any CPU.Build.0 = Release|Any CPU
		{A8368124-5623-4875-A9AC-A5322DBF6008}.Debug|Any CPU.ActiveCfg = Debug|Any CPU
		{A8368124-5623-4875-A9AC-A5322DBF6008}.Debug|Any CPU.Build.0 = Debug|Any CPU
		{A8368124-5623-4875-A9AC-A5322DBF6008}.Release|Any CPU.ActiveCfg = Release|Any CPU
		{A8368124-5623-4875-A9AC-A5322DBF6008}.Release|Any CPU.Build.0 = Release|Any CPU
		{7C1277C8-878C-45B7-83D4-1A806E3960F7}.Debug|Any CPU.ActiveCfg = Debug|Any CPU
		{7C1277C8-878C-45B7-83D4-1A806E3960F7}.Debug|Any CPU.Build.0 = Debug|Any CPU
		{7C1277C8-878C-45B7-83D4-1A806E3960F7}.Release|Any CPU.ActiveCfg = Release|Any CPU
		{7C1277C8-878C-45B7-83D4-1A806E3960F7}.Release|Any CPU.Build.0 = Release|Any CPU
		{DE4F38B2-3140-4C4C-99E4-3FD0EA8842BC}.Debug|Any CPU.ActiveCfg = Debug|Any CPU
		{DE4F38B2-3140-4C4C-99E4-3FD0EA8842BC}.Debug|Any CPU.Build.0 = Debug|Any CPU
		{DE4F38B2-3140-4C4C-99E4-3FD0EA8842BC}.Release|Any CPU.ActiveCfg = Release|Any CPU
		{DE4F38B2-3140-4C4C-99E4-3FD0EA8842BC}.Release|Any CPU.Build.0 = Release|Any CPU
		{7F4143FB-D269-4D81-8CC0-392A0EC3256B}.Debug|Any CPU.ActiveCfg = Debug|Any CPU
		{7F4143FB-D269-4D81-8CC0-392A0EC3256B}.Debug|Any CPU.Build.0 = Debug|Any CPU
		{7F4143FB-D269-4D81-8CC0-392A0EC3256B}.Release|Any CPU.ActiveCfg = Release|Any CPU
		{7F4143FB-D269-4D81-8CC0-392A0EC3256B}.Release|Any CPU.Build.0 = Release|Any CPU
		{35270003-92B9-44DC-BC25-E6C05055F1E3}.Debug|Any CPU.ActiveCfg = Debug|Any CPU
		{35270003-92B9-44DC-BC25-E6C05055F1E3}.Debug|Any CPU.Build.0 = Debug|Any CPU
		{35270003-92B9-44DC-BC25-E6C05055F1E3}.Release|Any CPU.ActiveCfg = Release|Any CPU
		{35270003-92B9-44DC-BC25-E6C05055F1E3}.Release|Any CPU.Build.0 = Release|Any CPU
		{5CF29C20-2888-4C37-AF69-2FB65EF77282}.Debug|Any CPU.ActiveCfg = Debug|Any CPU
		{5CF29C20-2888-4C37-AF69-2FB65EF77282}.Debug|Any CPU.Build.0 = Debug|Any CPU
		{5CF29C20-2888-4C37-AF69-2FB65EF77282}.Release|Any CPU.ActiveCfg = Release|Any CPU
		{5CF29C20-2888-4C37-AF69-2FB65EF77282}.Release|Any CPU.Build.0 = Release|Any CPU
		{0D7586FA-C21E-42CC-B484-0EB968C6B601}.Debug|Any CPU.ActiveCfg = Debug|Any CPU
		{0D7586FA-C21E-42CC-B484-0EB968C6B601}.Debug|Any CPU.Build.0 = Debug|Any CPU
		{0D7586FA-C21E-42CC-B484-0EB968C6B601}.Release|Any CPU.ActiveCfg = Release|Any CPU
		{0D7586FA-C21E-42CC-B484-0EB968C6B601}.Release|Any CPU.Build.0 = Release|Any CPU
		{460FDC5D-0603-446A-BBE5-1F059A50D562}.Debug|Any CPU.ActiveCfg = Debug|Any CPU
		{460FDC5D-0603-446A-BBE5-1F059A50D562}.Debug|Any CPU.Build.0 = Debug|Any CPU
		{460FDC5D-0603-446A-BBE5-1F059A50D562}.Release|Any CPU.ActiveCfg = Release|Any CPU
		{460FDC5D-0603-446A-BBE5-1F059A50D562}.Release|Any CPU.Build.0 = Release|Any CPU
		{B3E23440-47D7-483E-A339-B72BF3AC2774}.Debug|Any CPU.ActiveCfg = Debug|Any CPU
		{B3E23440-47D7-483E-A339-B72BF3AC2774}.Debug|Any CPU.Build.0 = Debug|Any CPU
		{B3E23440-47D7-483E-A339-B72BF3AC2774}.Release|Any CPU.ActiveCfg = Release|Any CPU
		{B3E23440-47D7-483E-A339-B72BF3AC2774}.Release|Any CPU.Build.0 = Release|Any CPU
		{8C1671BE-2A46-4C51-848D-4FCFE4C4D9E9}.Debug|Any CPU.ActiveCfg = Debug|Any CPU
		{8C1671BE-2A46-4C51-848D-4FCFE4C4D9E9}.Debug|Any CPU.Build.0 = Debug|Any CPU
		{8C1671BE-2A46-4C51-848D-4FCFE4C4D9E9}.Release|Any CPU.ActiveCfg = Release|Any CPU
		{8C1671BE-2A46-4C51-848D-4FCFE4C4D9E9}.Release|Any CPU.Build.0 = Release|Any CPU
		{23822E06-8D42-479E-B8F1-CE473D8A7B5F}.Debug|Any CPU.ActiveCfg = Debug|Any CPU
		{23822E06-8D42-479E-B8F1-CE473D8A7B5F}.Debug|Any CPU.Build.0 = Debug|Any CPU
		{23822E06-8D42-479E-B8F1-CE473D8A7B5F}.Release|Any CPU.ActiveCfg = Release|Any CPU
		{23822E06-8D42-479E-B8F1-CE473D8A7B5F}.Release|Any CPU.Build.0 = Release|Any CPU
		{AFA59448-B44F-4D85-BECE-CF0C2762BD7C}.Debug|Any CPU.ActiveCfg = Debug|Any CPU
		{AFA59448-B44F-4D85-BECE-CF0C2762BD7C}.Debug|Any CPU.Build.0 = Debug|Any CPU
		{AFA59448-B44F-4D85-BECE-CF0C2762BD7C}.Release|Any CPU.ActiveCfg = Release|Any CPU
		{AFA59448-B44F-4D85-BECE-CF0C2762BD7C}.Release|Any CPU.Build.0 = Release|Any CPU
		{1B9C64B3-D9DA-4087-8F89-256213D811E2}.Debug|Any CPU.ActiveCfg = Debug|Any CPU
		{1B9C64B3-D9DA-4087-8F89-256213D811E2}.Debug|Any CPU.Build.0 = Debug|Any CPU
		{1B9C64B3-D9DA-4087-8F89-256213D811E2}.Release|Any CPU.ActiveCfg = Release|Any CPU
		{1B9C64B3-D9DA-4087-8F89-256213D811E2}.Release|Any CPU.Build.0 = Release|Any CPU
		{6852B4D1-32F0-43D3-8225-169C534AF318}.Debug|Any CPU.ActiveCfg = Debug|Any CPU
		{6852B4D1-32F0-43D3-8225-169C534AF318}.Debug|Any CPU.Build.0 = Debug|Any CPU
		{6852B4D1-32F0-43D3-8225-169C534AF318}.Release|Any CPU.ActiveCfg = Release|Any CPU
		{6852B4D1-32F0-43D3-8225-169C534AF318}.Release|Any CPU.Build.0 = Release|Any CPU
		{72E0527B-F119-4106-99FA-CA2D8235AE0E}.Debug|Any CPU.ActiveCfg = Debug|Any CPU
		{72E0527B-F119-4106-99FA-CA2D8235AE0E}.Debug|Any CPU.Build.0 = Debug|Any CPU
		{72E0527B-F119-4106-99FA-CA2D8235AE0E}.Release|Any CPU.ActiveCfg = Release|Any CPU
		{72E0527B-F119-4106-99FA-CA2D8235AE0E}.Release|Any CPU.Build.0 = Release|Any CPU
		{47EBF8ED-3CD3-4121-B547-6BB0AAFAC103}.Debug|Any CPU.ActiveCfg = Debug|Any CPU
		{47EBF8ED-3CD3-4121-B547-6BB0AAFAC103}.Debug|Any CPU.Build.0 = Debug|Any CPU
		{47EBF8ED-3CD3-4121-B547-6BB0AAFAC103}.Release|Any CPU.ActiveCfg = Release|Any CPU
		{47EBF8ED-3CD3-4121-B547-6BB0AAFAC103}.Release|Any CPU.Build.0 = Release|Any CPU
		{467B1098-794E-4686-9C8E-644EA1B6DFF1}.Debug|Any CPU.ActiveCfg = Debug|Any CPU
		{467B1098-794E-4686-9C8E-644EA1B6DFF1}.Debug|Any CPU.Build.0 = Debug|Any CPU
		{467B1098-794E-4686-9C8E-644EA1B6DFF1}.Release|Any CPU.ActiveCfg = Release|Any CPU
		{467B1098-794E-4686-9C8E-644EA1B6DFF1}.Release|Any CPU.Build.0 = Release|Any CPU
		{A5C75A3E-6848-400D-BA38-956580A55ED9}.Debug|Any CPU.ActiveCfg = Debug|Any CPU
		{A5C75A3E-6848-400D-BA38-956580A55ED9}.Debug|Any CPU.Build.0 = Debug|Any CPU
		{A5C75A3E-6848-400D-BA38-956580A55ED9}.Release|Any CPU.ActiveCfg = Release|Any CPU
		{A5C75A3E-6848-400D-BA38-956580A55ED9}.Release|Any CPU.Build.0 = Release|Any CPU
		{128B3CAC-1C25-4047-9490-419DCC97DDDC}.Debug|Any CPU.ActiveCfg = Debug|Any CPU
		{128B3CAC-1C25-4047-9490-419DCC97DDDC}.Debug|Any CPU.Build.0 = Debug|Any CPU
		{128B3CAC-1C25-4047-9490-419DCC97DDDC}.Release|Any CPU.ActiveCfg = Release|Any CPU
		{128B3CAC-1C25-4047-9490-419DCC97DDDC}.Release|Any CPU.Build.0 = Release|Any CPU
		{9093C97F-47EE-4833-A94A-3C74DB452289}.Debug|Any CPU.ActiveCfg = Debug|Any CPU
		{9093C97F-47EE-4833-A94A-3C74DB452289}.Debug|Any CPU.Build.0 = Debug|Any CPU
		{9093C97F-47EE-4833-A94A-3C74DB452289}.Release|Any CPU.ActiveCfg = Release|Any CPU
		{9093C97F-47EE-4833-A94A-3C74DB452289}.Release|Any CPU.Build.0 = Release|Any CPU
		{C4BAE43F-4345-4595-A58A-8C48E9BFAA68}.Debug|Any CPU.ActiveCfg = Debug|Any CPU
		{C4BAE43F-4345-4595-A58A-8C48E9BFAA68}.Debug|Any CPU.Build.0 = Debug|Any CPU
		{C4BAE43F-4345-4595-A58A-8C48E9BFAA68}.Release|Any CPU.ActiveCfg = Release|Any CPU
		{C4BAE43F-4345-4595-A58A-8C48E9BFAA68}.Release|Any CPU.Build.0 = Release|Any CPU
		{41D756A0-D67E-4CEB-A212-50FA053FD6F1}.Debug|Any CPU.ActiveCfg = Debug|Any CPU
		{41D756A0-D67E-4CEB-A212-50FA053FD6F1}.Debug|Any CPU.Build.0 = Debug|Any CPU
		{41D756A0-D67E-4CEB-A212-50FA053FD6F1}.Release|Any CPU.ActiveCfg = Release|Any CPU
		{41D756A0-D67E-4CEB-A212-50FA053FD6F1}.Release|Any CPU.Build.0 = Release|Any CPU
		{985F9051-5F48-44AE-A4D0-449E34E44C33}.Debug|Any CPU.ActiveCfg = Debug|Any CPU
		{985F9051-5F48-44AE-A4D0-449E34E44C33}.Debug|Any CPU.Build.0 = Debug|Any CPU
		{985F9051-5F48-44AE-A4D0-449E34E44C33}.Release|Any CPU.ActiveCfg = Release|Any CPU
		{985F9051-5F48-44AE-A4D0-449E34E44C33}.Release|Any CPU.Build.0 = Release|Any CPU
		{48C0482D-3F5A-4782-8C11-E03B6899BDE9}.Debug|Any CPU.ActiveCfg = Debug|Any CPU
		{48C0482D-3F5A-4782-8C11-E03B6899BDE9}.Debug|Any CPU.Build.0 = Debug|Any CPU
		{48C0482D-3F5A-4782-8C11-E03B6899BDE9}.Release|Any CPU.ActiveCfg = Release|Any CPU
		{48C0482D-3F5A-4782-8C11-E03B6899BDE9}.Release|Any CPU.Build.0 = Release|Any CPU
		{6A3E7758-B9FE-4266-813C-8E95B72A16C9}.Debug|Any CPU.ActiveCfg = Debug|Any CPU
		{6A3E7758-B9FE-4266-813C-8E95B72A16C9}.Debug|Any CPU.Build.0 = Debug|Any CPU
		{6A3E7758-B9FE-4266-813C-8E95B72A16C9}.Release|Any CPU.ActiveCfg = Release|Any CPU
		{6A3E7758-B9FE-4266-813C-8E95B72A16C9}.Release|Any CPU.Build.0 = Release|Any CPU
		{93011D1B-53E2-45FC-956C-07E1073DFE20}.Debug|Any CPU.ActiveCfg = Debug|Any CPU
		{93011D1B-53E2-45FC-956C-07E1073DFE20}.Debug|Any CPU.Build.0 = Debug|Any CPU
		{93011D1B-53E2-45FC-956C-07E1073DFE20}.Release|Any CPU.ActiveCfg = Release|Any CPU
		{93011D1B-53E2-45FC-956C-07E1073DFE20}.Release|Any CPU.Build.0 = Release|Any CPU
		{E85EAE2F-5DA7-4DA3-9654-D1995DADDE38}.Debug|Any CPU.ActiveCfg = Debug|Any CPU
		{E85EAE2F-5DA7-4DA3-9654-D1995DADDE38}.Debug|Any CPU.Build.0 = Debug|Any CPU
		{E85EAE2F-5DA7-4DA3-9654-D1995DADDE38}.Release|Any CPU.ActiveCfg = Release|Any CPU
		{E85EAE2F-5DA7-4DA3-9654-D1995DADDE38}.Release|Any CPU.Build.0 = Release|Any CPU
		{6590883A-3DE5-47A4-8057-EC2BEDD47D66}.Debug|Any CPU.ActiveCfg = Debug|Any CPU
		{6590883A-3DE5-47A4-8057-EC2BEDD47D66}.Debug|Any CPU.Build.0 = Debug|Any CPU
		{6590883A-3DE5-47A4-8057-EC2BEDD47D66}.Release|Any CPU.ActiveCfg = Release|Any CPU
		{6590883A-3DE5-47A4-8057-EC2BEDD47D66}.Release|Any CPU.Build.0 = Release|Any CPU
		{E34A2E9D-5584-4E2B-995A-025608E855E1}.Debug|Any CPU.ActiveCfg = Debug|Any CPU
		{E34A2E9D-5584-4E2B-995A-025608E855E1}.Debug|Any CPU.Build.0 = Debug|Any CPU
		{E34A2E9D-5584-4E2B-995A-025608E855E1}.Release|Any CPU.ActiveCfg = Release|Any CPU
		{E34A2E9D-5584-4E2B-995A-025608E855E1}.Release|Any CPU.Build.0 = Release|Any CPU
		{D2AFE3CF-971B-4658-BBDC-0BBCE29558A3}.Debug|Any CPU.ActiveCfg = Debug|Any CPU
		{D2AFE3CF-971B-4658-BBDC-0BBCE29558A3}.Debug|Any CPU.Build.0 = Debug|Any CPU
		{D2AFE3CF-971B-4658-BBDC-0BBCE29558A3}.Release|Any CPU.ActiveCfg = Release|Any CPU
		{D2AFE3CF-971B-4658-BBDC-0BBCE29558A3}.Release|Any CPU.Build.0 = Release|Any CPU
	EndGlobalSection
EndGlobal
